// !$*UTF8*$!
{
	archiveVersion = 1;
	classes = {
	};
	objectVersion = 48;
	objects = {

/* Begin PBXBuildFile section */
		86B2E6E81FC9A98400355266 /* web3.html in Resources */ = {isa = PBXBuildFile; fileRef = 86B2E6E61FC9A98400355266 /* web3.html */; };
		86B2E6E91FC9A98400355266 /* web3.min.js in Resources */ = {isa = PBXBuildFile; fileRef = 86B2E6E71FC9A98400355266 /* web3.min.js */; };
		8A566F131FC954EF0010B59A /* ContractViewController.swift in Sources */ = {isa = PBXBuildFile; fileRef = 8A566F121FC954EF0010B59A /* ContractViewController.swift */; };
		8A8823A21FC8806800BF2FED /* AppDelegate.swift in Sources */ = {isa = PBXBuildFile; fileRef = 8A8823A11FC8806800BF2FED /* AppDelegate.swift */; };
		8A8823A41FC8806800BF2FED /* MainViewController.swift in Sources */ = {isa = PBXBuildFile; fileRef = 8A8823A31FC8806800BF2FED /* MainViewController.swift */; };
		8A8823A71FC8806800BF2FED /* Main.storyboard in Resources */ = {isa = PBXBuildFile; fileRef = 8A8823A51FC8806800BF2FED /* Main.storyboard */; };
		8A8823A91FC8806800BF2FED /* Assets.xcassets in Resources */ = {isa = PBXBuildFile; fileRef = 8A8823A81FC8806800BF2FED /* Assets.xcassets */; };
		8A8823AC1FC8806800BF2FED /* LaunchScreen.storyboard in Resources */ = {isa = PBXBuildFile; fileRef = 8A8823AA1FC8806800BF2FED /* LaunchScreen.storyboard */; };
		8A8823B71FC897A900BF2FED /* CameraViewController.swift in Sources */ = {isa = PBXBuildFile; fileRef = 8A8823B61FC897A900BF2FED /* CameraViewController.swift */; };
		8A8823BB1FC89A8900BF2FED /* GoodEntity.swift in Sources */ = {isa = PBXBuildFile; fileRef = 8A8823BA1FC89A8900BF2FED /* GoodEntity.swift */; };
		8A8823C11FC89C4500BF2FED /* GoodTableViewCell.swift in Sources */ = {isa = PBXBuildFile; fileRef = 8A8823BF1FC89C4500BF2FED /* GoodTableViewCell.swift */; };
		8A8823C21FC89C4500BF2FED /* GoodTableViewCell.xib in Resources */ = {isa = PBXBuildFile; fileRef = 8A8823C01FC89C4500BF2FED /* GoodTableViewCell.xib */; };
		8A8823C51FC8A14D00BF2FED /* HeaderGoodView.swift in Sources */ = {isa = PBXBuildFile; fileRef = 8A8823C41FC8A14D00BF2FED /* HeaderGoodView.swift */; };
		8A8823C71FC8A16200BF2FED /* HeaderGoodView.xib in Resources */ = {isa = PBXBuildFile; fileRef = 8A8823C61FC8A16200BF2FED /* HeaderGoodView.xib */; };
		8A8823CA1FC8A45D00BF2FED /* UIView+NibLoad.swift in Sources */ = {isa = PBXBuildFile; fileRef = 8A8823C91FC8A45D00BF2FED /* UIView+NibLoad.swift */; };
		8AB108EF1FC9735A001D0AA0 /* UIViewController+BackButton.swift in Sources */ = {isa = PBXBuildFile; fileRef = 8AB108EE1FC9735A001D0AA0 /* UIViewController+BackButton.swift */; };
		8AB108F11FC9736E001D0AA0 /* NavigationViewController.swift in Sources */ = {isa = PBXBuildFile; fileRef = 8AB108F01FC9736E001D0AA0 /* NavigationViewController.swift */; };
		8AB108F41FC97882001D0AA0 /* UIColor+HexString.swift in Sources */ = {isa = PBXBuildFile; fileRef = 8AB108F31FC97882001D0AA0 /* UIColor+HexString.swift */; };
		8AB108F61FC97898001D0AA0 /* String+Substring.swift in Sources */ = {isa = PBXBuildFile; fileRef = 8AB108F51FC97898001D0AA0 /* String+Substring.swift */; };
		8AB108F81FC980FC001D0AA0 /* CustomTabBarController.swift in Sources */ = {isa = PBXBuildFile; fileRef = 8AB108F71FC980FC001D0AA0 /* CustomTabBarController.swift */; };
		8AB109001FC983CD001D0AA0 /* TabBarItemView.swift in Sources */ = {isa = PBXBuildFile; fileRef = 8AB108FE1FC983CC001D0AA0 /* TabBarItemView.swift */; };
		8AB109011FC983CD001D0AA0 /* TabBarItemView.xib in Resources */ = {isa = PBXBuildFile; fileRef = 8AB108FF1FC983CD001D0AA0 /* TabBarItemView.xib */; };
		8AB109031FC98479001D0AA0 /* UIImage+Render.swift in Sources */ = {isa = PBXBuildFile; fileRef = 8AB109021FC98479001D0AA0 /* UIImage+Render.swift */; };
		8AB1090B1FC990D9001D0AA0 /* NotificationCenter.framework in Frameworks */ = {isa = PBXBuildFile; fileRef = 8AB1090A1FC990D9001D0AA0 /* NotificationCenter.framework */; };
		8AB1090E1FC990D9001D0AA0 /* TodayViewController.swift in Sources */ = {isa = PBXBuildFile; fileRef = 8AB1090D1FC990D9001D0AA0 /* TodayViewController.swift */; };
		8AB109111FC990D9001D0AA0 /* MainInterface.storyboard in Resources */ = {isa = PBXBuildFile; fileRef = 8AB1090F1FC990D9001D0AA0 /* MainInterface.storyboard */; };
		8AB109161FC990D9001D0AA0 /* todayExtension.appex in Embed App Extensions */ = {isa = PBXBuildFile; fileRef = 8AB109081FC990D9001D0AA0 /* todayExtension.appex */; settings = {ATTRIBUTES = (RemoveHeadersOnCopy, ); }; };
		8AD6B66D1FC993D2000D55E8 /* GoodEntity.swift in Sources */ = {isa = PBXBuildFile; fileRef = 8A8823BA1FC89A8900BF2FED /* GoodEntity.swift */; };
		8AD6B66E1FC993E5000D55E8 /* MainViewController.swift in Sources */ = {isa = PBXBuildFile; fileRef = 8A8823A31FC8806800BF2FED /* MainViewController.swift */; };
		8AD6B6701FC994E6000D55E8 /* GoodTableViewCell.swift in Sources */ = {isa = PBXBuildFile; fileRef = 8A8823BF1FC89C4500BF2FED /* GoodTableViewCell.swift */; };
		8AD6B6711FC994E6000D55E8 /* GoodTableViewCell.xib in Sources */ = {isa = PBXBuildFile; fileRef = 8A8823C01FC89C4500BF2FED /* GoodTableViewCell.xib */; };
		8AD6B6721FC99582000D55E8 /* CustomTabBarController.swift in Sources */ = {isa = PBXBuildFile; fileRef = 8AB108F71FC980FC001D0AA0 /* CustomTabBarController.swift */; };
		8AD6B6731FC99593000D55E8 /* UIView+NibLoad.swift in Sources */ = {isa = PBXBuildFile; fileRef = 8A8823C91FC8A45D00BF2FED /* UIView+NibLoad.swift */; };
		8AD6B6741FC9959A000D55E8 /* TabBarItemView.swift in Sources */ = {isa = PBXBuildFile; fileRef = 8AB108FE1FC983CC001D0AA0 /* TabBarItemView.swift */; };
		8AD6B6751FC9959A000D55E8 /* TabBarItemView.xib in Sources */ = {isa = PBXBuildFile; fileRef = 8AB108FF1FC983CD001D0AA0 /* TabBarItemView.xib */; };
		8AD6B6761FC995A6000D55E8 /* UIViewController+BackButton.swift in Sources */ = {isa = PBXBuildFile; fileRef = 8AB108EE1FC9735A001D0AA0 /* UIViewController+BackButton.swift */; };
		8AD6B6771FC995A6000D55E8 /* UIColor+HexString.swift in Sources */ = {isa = PBXBuildFile; fileRef = 8AB108F31FC97882001D0AA0 /* UIColor+HexString.swift */; };
		8AD6B6781FC995A6000D55E8 /* String+Substring.swift in Sources */ = {isa = PBXBuildFile; fileRef = 8AB108F51FC97898001D0AA0 /* String+Substring.swift */; };
		8AD6B6791FC995A6000D55E8 /* UIImage+Render.swift in Sources */ = {isa = PBXBuildFile; fileRef = 8AB109021FC98479001D0AA0 /* UIImage+Render.swift */; };
		8AD6B67D1FC997B1000D55E8 /* TodayExtensionGoodTableViewCell.swift in Sources */ = {isa = PBXBuildFile; fileRef = 8AD6B67B1FC997B1000D55E8 /* TodayExtensionGoodTableViewCell.swift */; };
		8AD6B67E1FC997B1000D55E8 /* TodayExtensionGoodTableViewCell.xib in Resources */ = {isa = PBXBuildFile; fileRef = 8AD6B67C1FC997B1000D55E8 /* TodayExtensionGoodTableViewCell.xib */; };
		8AD6B67F1FC99920000D55E8 /* TodayExtensionGoodTableViewCell.swift in Sources */ = {isa = PBXBuildFile; fileRef = 8AD6B67B1FC997B1000D55E8 /* TodayExtensionGoodTableViewCell.swift */; };
		8AD6B6801FC99920000D55E8 /* TodayExtensionGoodTableViewCell.xib in Sources */ = {isa = PBXBuildFile; fileRef = 8AD6B67C1FC997B1000D55E8 /* TodayExtensionGoodTableViewCell.xib */; };
		8AD6B6A51FC9C4BB000D55E8 /* TabBarViewController.swift in Sources */ = {isa = PBXBuildFile; fileRef = 8AD6B6A41FC9C4BB000D55E8 /* TabBarViewController.swift */; };
		8AD6B6AD1FC9C79E000D55E8 /* IntentHandler.swift in Sources */ = {isa = PBXBuildFile; fileRef = 8AD6B6AC1FC9C79E000D55E8 /* IntentHandler.swift */; };
		8AD6B6B11FC9C79E000D55E8 /* intentsExtension.appex in Embed App Extensions */ = {isa = PBXBuildFile; fileRef = 8AD6B6AA1FC9C79E000D55E8 /* intentsExtension.appex */; settings = {ATTRIBUTES = (RemoveHeadersOnCopy, ); }; };
/* End PBXBuildFile section */

/* Begin PBXContainerItemProxy section */
		8AB109131FC990D9001D0AA0 /* PBXContainerItemProxy */ = {
			isa = PBXContainerItemProxy;
			containerPortal = 8A8823961FC8806800BF2FED /* Project object */;
			proxyType = 1;
			remoteGlobalIDString = 8AB109071FC990D9001D0AA0;
			remoteInfo = todayExtension;
		};
		8AD6B6AF1FC9C79E000D55E8 /* PBXContainerItemProxy */ = {
			isa = PBXContainerItemProxy;
			containerPortal = 8A8823961FC8806800BF2FED /* Project object */;
			proxyType = 1;
			remoteGlobalIDString = 8AD6B6A91FC9C79E000D55E8;
			remoteInfo = intentsExtension;
		};
/* End PBXContainerItemProxy section */

/* Begin PBXCopyFilesBuildPhase section */
		8AB109151FC990D9001D0AA0 /* Embed App Extensions */ = {
			isa = PBXCopyFilesBuildPhase;
			buildActionMask = 2147483647;
			dstPath = "";
			dstSubfolderSpec = 13;
			files = (
				8AD6B6B11FC9C79E000D55E8 /* intentsExtension.appex in Embed App Extensions */,
				8AB109161FC990D9001D0AA0 /* todayExtension.appex in Embed App Extensions */,
			);
			name = "Embed App Extensions";
			runOnlyForDeploymentPostprocessing = 0;
		};
/* End PBXCopyFilesBuildPhase section */

/* Begin PBXFileReference section */
		86B2E6E61FC9A98400355266 /* web3.html */ = {isa = PBXFileReference; fileEncoding = 4; lastKnownFileType = text.html; name = web3.html; path = "Junction2017-iOS/Libs/Web3/web3.html"; sourceTree = SOURCE_ROOT; };
		86B2E6E71FC9A98400355266 /* web3.min.js */ = {isa = PBXFileReference; fileEncoding = 4; lastKnownFileType = sourcecode.javascript; name = web3.min.js; path = "Junction2017-iOS/Libs/Web3/web3.min.js"; sourceTree = SOURCE_ROOT; };
		8A566F121FC954EF0010B59A /* ContractViewController.swift */ = {isa = PBXFileReference; lastKnownFileType = sourcecode.swift; path = ContractViewController.swift; sourceTree = "<group>"; };
		8A88239E1FC8806800BF2FED /* Junction2017-iOS.app */ = {isa = PBXFileReference; explicitFileType = wrapper.application; includeInIndex = 0; path = "Junction2017-iOS.app"; sourceTree = BUILT_PRODUCTS_DIR; };
		8A8823A11FC8806800BF2FED /* AppDelegate.swift */ = {isa = PBXFileReference; lastKnownFileType = sourcecode.swift; path = AppDelegate.swift; sourceTree = "<group>"; };
		8A8823A31FC8806800BF2FED /* MainViewController.swift */ = {isa = PBXFileReference; lastKnownFileType = sourcecode.swift; path = MainViewController.swift; sourceTree = "<group>"; };
		8A8823A61FC8806800BF2FED /* Base */ = {isa = PBXFileReference; lastKnownFileType = file.storyboard; name = Base; path = Base.lproj/Main.storyboard; sourceTree = "<group>"; };
		8A8823A81FC8806800BF2FED /* Assets.xcassets */ = {isa = PBXFileReference; lastKnownFileType = folder.assetcatalog; path = Assets.xcassets; sourceTree = "<group>"; };
		8A8823AB1FC8806800BF2FED /* Base */ = {isa = PBXFileReference; lastKnownFileType = file.storyboard; name = Base; path = Base.lproj/LaunchScreen.storyboard; sourceTree = "<group>"; };
		8A8823AD1FC8806800BF2FED /* Info.plist */ = {isa = PBXFileReference; lastKnownFileType = text.plist.xml; path = Info.plist; sourceTree = "<group>"; };
		8A8823B61FC897A900BF2FED /* CameraViewController.swift */ = {isa = PBXFileReference; lastKnownFileType = sourcecode.swift; path = CameraViewController.swift; sourceTree = "<group>"; };
		8A8823BA1FC89A8900BF2FED /* GoodEntity.swift */ = {isa = PBXFileReference; lastKnownFileType = sourcecode.swift; path = GoodEntity.swift; sourceTree = "<group>"; };
		8A8823BF1FC89C4500BF2FED /* GoodTableViewCell.swift */ = {isa = PBXFileReference; lastKnownFileType = sourcecode.swift; path = GoodTableViewCell.swift; sourceTree = "<group>"; };
		8A8823C01FC89C4500BF2FED /* GoodTableViewCell.xib */ = {isa = PBXFileReference; lastKnownFileType = file.xib; path = GoodTableViewCell.xib; sourceTree = "<group>"; };
		8A8823C41FC8A14D00BF2FED /* HeaderGoodView.swift */ = {isa = PBXFileReference; lastKnownFileType = sourcecode.swift; path = HeaderGoodView.swift; sourceTree = "<group>"; };
		8A8823C61FC8A16200BF2FED /* HeaderGoodView.xib */ = {isa = PBXFileReference; lastKnownFileType = file.xib; path = HeaderGoodView.xib; sourceTree = "<group>"; };
		8A8823C91FC8A45D00BF2FED /* UIView+NibLoad.swift */ = {isa = PBXFileReference; lastKnownFileType = sourcecode.swift; path = "UIView+NibLoad.swift"; sourceTree = "<group>"; };
		8AB108EE1FC9735A001D0AA0 /* UIViewController+BackButton.swift */ = {isa = PBXFileReference; lastKnownFileType = sourcecode.swift; path = "UIViewController+BackButton.swift"; sourceTree = "<group>"; };
		8AB108F01FC9736E001D0AA0 /* NavigationViewController.swift */ = {isa = PBXFileReference; lastKnownFileType = sourcecode.swift; path = NavigationViewController.swift; sourceTree = "<group>"; };
		8AB108F31FC97882001D0AA0 /* UIColor+HexString.swift */ = {isa = PBXFileReference; lastKnownFileType = sourcecode.swift; path = "UIColor+HexString.swift"; sourceTree = "<group>"; };
		8AB108F51FC97898001D0AA0 /* String+Substring.swift */ = {isa = PBXFileReference; lastKnownFileType = sourcecode.swift; path = "String+Substring.swift"; sourceTree = "<group>"; };
		8AB108F71FC980FC001D0AA0 /* CustomTabBarController.swift */ = {isa = PBXFileReference; lastKnownFileType = sourcecode.swift; path = CustomTabBarController.swift; sourceTree = "<group>"; };
		8AB108FE1FC983CC001D0AA0 /* TabBarItemView.swift */ = {isa = PBXFileReference; fileEncoding = 4; lastKnownFileType = sourcecode.swift; path = TabBarItemView.swift; sourceTree = "<group>"; };
		8AB108FF1FC983CD001D0AA0 /* TabBarItemView.xib */ = {isa = PBXFileReference; fileEncoding = 4; lastKnownFileType = file.xib; path = TabBarItemView.xib; sourceTree = "<group>"; };
		8AB109021FC98479001D0AA0 /* UIImage+Render.swift */ = {isa = PBXFileReference; lastKnownFileType = sourcecode.swift; path = "UIImage+Render.swift"; sourceTree = "<group>"; };
		8AB109081FC990D9001D0AA0 /* todayExtension.appex */ = {isa = PBXFileReference; explicitFileType = "wrapper.app-extension"; includeInIndex = 0; path = todayExtension.appex; sourceTree = BUILT_PRODUCTS_DIR; };
		8AB1090A1FC990D9001D0AA0 /* NotificationCenter.framework */ = {isa = PBXFileReference; lastKnownFileType = wrapper.framework; name = NotificationCenter.framework; path = System/Library/Frameworks/NotificationCenter.framework; sourceTree = SDKROOT; };
		8AB1090D1FC990D9001D0AA0 /* TodayViewController.swift */ = {isa = PBXFileReference; lastKnownFileType = sourcecode.swift; path = TodayViewController.swift; sourceTree = "<group>"; };
		8AB109101FC990D9001D0AA0 /* Base */ = {isa = PBXFileReference; lastKnownFileType = file.storyboard; name = Base; path = Base.lproj/MainInterface.storyboard; sourceTree = "<group>"; };
		8AB109121FC990D9001D0AA0 /* Info.plist */ = {isa = PBXFileReference; lastKnownFileType = text.plist.xml; path = Info.plist; sourceTree = "<group>"; };
		8AD6B67B1FC997B1000D55E8 /* TodayExtensionGoodTableViewCell.swift */ = {isa = PBXFileReference; lastKnownFileType = sourcecode.swift; path = TodayExtensionGoodTableViewCell.swift; sourceTree = "<group>"; };
		8AD6B67C1FC997B1000D55E8 /* TodayExtensionGoodTableViewCell.xib */ = {isa = PBXFileReference; lastKnownFileType = file.xib; path = TodayExtensionGoodTableViewCell.xib; sourceTree = "<group>"; };
		8AD6B6A41FC9C4BB000D55E8 /* TabBarViewController.swift */ = {isa = PBXFileReference; lastKnownFileType = sourcecode.swift; path = TabBarViewController.swift; sourceTree = "<group>"; };
		8AD6B6AA1FC9C79E000D55E8 /* intentsExtension.appex */ = {isa = PBXFileReference; explicitFileType = "wrapper.app-extension"; includeInIndex = 0; path = intentsExtension.appex; sourceTree = BUILT_PRODUCTS_DIR; };
		8AD6B6AC1FC9C79E000D55E8 /* IntentHandler.swift */ = {isa = PBXFileReference; lastKnownFileType = sourcecode.swift; path = IntentHandler.swift; sourceTree = "<group>"; };
		8AD6B6AE1FC9C79E000D55E8 /* Info.plist */ = {isa = PBXFileReference; lastKnownFileType = text.plist.xml; path = Info.plist; sourceTree = "<group>"; };
		8AD6B6B51FC9C862000D55E8 /* Junction2017-iOS.entitlements */ = {isa = PBXFileReference; lastKnownFileType = text.plist.entitlements; path = "Junction2017-iOS.entitlements"; sourceTree = "<group>"; };
/* End PBXFileReference section */

/* Begin PBXFrameworksBuildPhase section */
		8A88239B1FC8806800BF2FED /* Frameworks */ = {
			isa = PBXFrameworksBuildPhase;
			buildActionMask = 2147483647;
			files = (
			);
			runOnlyForDeploymentPostprocessing = 0;
		};
		8AB109051FC990D9001D0AA0 /* Frameworks */ = {
			isa = PBXFrameworksBuildPhase;
			buildActionMask = 2147483647;
			files = (
				8AB1090B1FC990D9001D0AA0 /* NotificationCenter.framework in Frameworks */,
			);
			runOnlyForDeploymentPostprocessing = 0;
		};
		8AD6B6A71FC9C79E000D55E8 /* Frameworks */ = {
			isa = PBXFrameworksBuildPhase;
			buildActionMask = 2147483647;
			files = (
			);
			runOnlyForDeploymentPostprocessing = 0;
		};
/* End PBXFrameworksBuildPhase section */

/* Begin PBXGroup section */
		86B2E6E41FC9A95800355266 /* Libs */ = {
			isa = PBXGroup;
			children = (
				86B2E6E51FC9A96D00355266 /* Web3 */,
			);
			name = Libs;
			path = "New Group";
			sourceTree = "<group>";
		};
		86B2E6E51FC9A96D00355266 /* Web3 */ = {
			isa = PBXGroup;
			children = (
				86B2E6E61FC9A98400355266 /* web3.html */,
				86B2E6E71FC9A98400355266 /* web3.min.js */,
			);
			path = Web3;
			sourceTree = "<group>";
		};
		8A8823951FC8806800BF2FED = {
			isa = PBXGroup;
			children = (
				8A8823A01FC8806800BF2FED /* Junction2017-iOS */,
				8AB1090C1FC990D9001D0AA0 /* todayExtension */,
				8AD6B6AB1FC9C79E000D55E8 /* intentsExtension */,
				8AB109091FC990D9001D0AA0 /* Frameworks */,
				8A88239F1FC8806800BF2FED /* Products */,
			);
			sourceTree = "<group>";
		};
		8A88239F1FC8806800BF2FED /* Products */ = {
			isa = PBXGroup;
			children = (
				8A88239E1FC8806800BF2FED /* Junction2017-iOS.app */,
				8AB109081FC990D9001D0AA0 /* todayExtension.appex */,
				8AD6B6AA1FC9C79E000D55E8 /* intentsExtension.appex */,
			);
			name = Products;
			sourceTree = "<group>";
		};
		8A8823A01FC8806800BF2FED /* Junction2017-iOS */ = {
			isa = PBXGroup;
			children = (
				8A8823A11FC8806800BF2FED /* AppDelegate.swift */,
				8A8823B41FC880ED00BF2FED /* ViewControllers */,
				8A8823BC1FC89C1E00BF2FED /* Custom */,
				8A8823C81FC8A44400BF2FED /* Extensions */,
				8A8823B91FC89A6E00BF2FED /* Entities */,
				8A8823B31FC880DB00BF2FED /* Storyboards */,
				86B2E6E41FC9A95800355266 /* Libs */,
				8AD6B6B71FC9C96B000D55E8 /* Assets */,
				8AD6B6B61FC9C95A000D55E8 /* Config */,
			);
			path = "Junction2017-iOS";
			sourceTree = "<group>";
		};
		8A8823B31FC880DB00BF2FED /* Storyboards */ = {
			isa = PBXGroup;
			children = (
				8A8823A51FC8806800BF2FED /* Main.storyboard */,
				8A8823AA1FC8806800BF2FED /* LaunchScreen.storyboard */,
			);
			path = Storyboards;
			sourceTree = "<group>";
		};
		8A8823B41FC880ED00BF2FED /* ViewControllers */ = {
			isa = PBXGroup;
			children = (
				8AB108F21FC97375001D0AA0 /* Base */,
				8A8823A31FC8806800BF2FED /* MainViewController.swift */,
				8A8823B61FC897A900BF2FED /* CameraViewController.swift */,
				8A566F121FC954EF0010B59A /* ContractViewController.swift */,
			);
			path = ViewControllers;
			sourceTree = "<group>";
		};
		8A8823B91FC89A6E00BF2FED /* Entities */ = {
			isa = PBXGroup;
			children = (
				8A8823BA1FC89A8900BF2FED /* GoodEntity.swift */,
			);
			path = Entities;
			sourceTree = "<group>";
		};
		8A8823BC1FC89C1E00BF2FED /* Custom */ = {
			isa = PBXGroup;
			children = (
				8AB108F91FC98353001D0AA0 /* TabBarItemView */,
				8A8823C31FC8A13D00BF2FED /* Views */,
				8A8823BD1FC89C2E00BF2FED /* Cells */,
			);
			path = Custom;
			sourceTree = "<group>";
		};
		8A8823BD1FC89C2E00BF2FED /* Cells */ = {
			isa = PBXGroup;
			children = (
				8AD6B67A1FC9979D000D55E8 /* TodayExtensionGoodTableViewCell */,
				8A8823BE1FC89C3700BF2FED /* GoodTableViewCell */,
			);
			path = Cells;
			sourceTree = "<group>";
		};
		8A8823BE1FC89C3700BF2FED /* GoodTableViewCell */ = {
			isa = PBXGroup;
			children = (
				8A8823BF1FC89C4500BF2FED /* GoodTableViewCell.swift */,
				8A8823C01FC89C4500BF2FED /* GoodTableViewCell.xib */,
			);
			path = GoodTableViewCell;
			sourceTree = "<group>";
		};
		8A8823C31FC8A13D00BF2FED /* Views */ = {
			isa = PBXGroup;
			children = (
				8A8823C41FC8A14D00BF2FED /* HeaderGoodView.swift */,
				8A8823C61FC8A16200BF2FED /* HeaderGoodView.xib */,
			);
			path = Views;
			sourceTree = "<group>";
		};
		8A8823C81FC8A44400BF2FED /* Extensions */ = {
			isa = PBXGroup;
			children = (
				8A8823C91FC8A45D00BF2FED /* UIView+NibLoad.swift */,
				8AB108EE1FC9735A001D0AA0 /* UIViewController+BackButton.swift */,
				8AB108F31FC97882001D0AA0 /* UIColor+HexString.swift */,
				8AB108F51FC97898001D0AA0 /* String+Substring.swift */,
				8AB109021FC98479001D0AA0 /* UIImage+Render.swift */,
			);
			path = Extensions;
			sourceTree = "<group>";
		};
		8AB108F21FC97375001D0AA0 /* Base */ = {
			isa = PBXGroup;
			children = (
				8AB108F01FC9736E001D0AA0 /* NavigationViewController.swift */,
				8AB108F71FC980FC001D0AA0 /* CustomTabBarController.swift */,
				8AD6B6A41FC9C4BB000D55E8 /* TabBarViewController.swift */,
			);
			path = Base;
			sourceTree = "<group>";
		};
		8AB108F91FC98353001D0AA0 /* TabBarItemView */ = {
			isa = PBXGroup;
			children = (
				8AB108FE1FC983CC001D0AA0 /* TabBarItemView.swift */,
				8AB108FF1FC983CD001D0AA0 /* TabBarItemView.xib */,
			);
			path = TabBarItemView;
			sourceTree = "<group>";
		};
		8AB109091FC990D9001D0AA0 /* Frameworks */ = {
			isa = PBXGroup;
			children = (
				8AB1090A1FC990D9001D0AA0 /* NotificationCenter.framework */,
			);
			name = Frameworks;
			sourceTree = "<group>";
		};
		8AB1090C1FC990D9001D0AA0 /* todayExtension */ = {
			isa = PBXGroup;
			children = (
				8AB1090D1FC990D9001D0AA0 /* TodayViewController.swift */,
				8AB1090F1FC990D9001D0AA0 /* MainInterface.storyboard */,
				8AB109121FC990D9001D0AA0 /* Info.plist */,
			);
			path = todayExtension;
			sourceTree = "<group>";
		};
		8AD6B67A1FC9979D000D55E8 /* TodayExtensionGoodTableViewCell */ = {
			isa = PBXGroup;
			children = (
				8AD6B67B1FC997B1000D55E8 /* TodayExtensionGoodTableViewCell.swift */,
				8AD6B67C1FC997B1000D55E8 /* TodayExtensionGoodTableViewCell.xib */,
			);
			path = TodayExtensionGoodTableViewCell;
			sourceTree = "<group>";
		};
		8AD6B6AB1FC9C79E000D55E8 /* intentsExtension */ = {
			isa = PBXGroup;
			children = (
				8AD6B6AC1FC9C79E000D55E8 /* IntentHandler.swift */,
				8AD6B6AE1FC9C79E000D55E8 /* Info.plist */,
			);
			path = intentsExtension;
			sourceTree = "<group>";
		};
		8AD6B6B61FC9C95A000D55E8 /* Config */ = {
			isa = PBXGroup;
			children = (
				8A8823AD1FC8806800BF2FED /* Info.plist */,
				8AD6B6B51FC9C862000D55E8 /* Junction2017-iOS.entitlements */,
			);
			path = Config;
			sourceTree = "<group>";
		};
		8AD6B6B71FC9C96B000D55E8 /* Assets */ = {
			isa = PBXGroup;
			children = (
				8A8823A81FC8806800BF2FED /* Assets.xcassets */,
			);
			path = Assets;
			sourceTree = "<group>";
		};
/* End PBXGroup section */

/* Begin PBXNativeTarget section */
		8A88239D1FC8806800BF2FED /* Junction2017-iOS */ = {
			isa = PBXNativeTarget;
			buildConfigurationList = 8A8823B01FC8806800BF2FED /* Build configuration list for PBXNativeTarget "Junction2017-iOS" */;
			buildPhases = (
				8A88239A1FC8806800BF2FED /* Sources */,
				8A88239B1FC8806800BF2FED /* Frameworks */,
				8A88239C1FC8806800BF2FED /* Resources */,
				8A8823B51FC8815C00BF2FED /* Swiftlint */,
				8AB109151FC990D9001D0AA0 /* Embed App Extensions */,
			);
			buildRules = (
			);
			dependencies = (
				8AB109141FC990D9001D0AA0 /* PBXTargetDependency */,
				8AD6B6B01FC9C79E000D55E8 /* PBXTargetDependency */,
			);
			name = "Junction2017-iOS";
			productName = "Junction2017-iOS";
			productReference = 8A88239E1FC8806800BF2FED /* Junction2017-iOS.app */;
			productType = "com.apple.product-type.application";
		};
		8AB109071FC990D9001D0AA0 /* todayExtension */ = {
			isa = PBXNativeTarget;
			buildConfigurationList = 8AB109171FC990D9001D0AA0 /* Build configuration list for PBXNativeTarget "todayExtension" */;
			buildPhases = (
				8AB109041FC990D9001D0AA0 /* Sources */,
				8AB109051FC990D9001D0AA0 /* Frameworks */,
				8AB109061FC990D9001D0AA0 /* Resources */,
			);
			buildRules = (
			);
			dependencies = (
			);
			name = todayExtension;
			productName = todayExtension;
			productReference = 8AB109081FC990D9001D0AA0 /* todayExtension.appex */;
			productType = "com.apple.product-type.app-extension";
		};
		8AD6B6A91FC9C79E000D55E8 /* intentsExtension */ = {
			isa = PBXNativeTarget;
			buildConfigurationList = 8AD6B6B21FC9C79E000D55E8 /* Build configuration list for PBXNativeTarget "intentsExtension" */;
			buildPhases = (
				8AD6B6A61FC9C79E000D55E8 /* Sources */,
				8AD6B6A71FC9C79E000D55E8 /* Frameworks */,
				8AD6B6A81FC9C79E000D55E8 /* Resources */,
			);
			buildRules = (
			);
			dependencies = (
			);
			name = intentsExtension;
			productName = intentsExtension;
			productReference = 8AD6B6AA1FC9C79E000D55E8 /* intentsExtension.appex */;
			productType = "com.apple.product-type.app-extension";
		};
/* End PBXNativeTarget section */

/* Begin PBXProject section */
		8A8823961FC8806800BF2FED /* Project object */ = {
			isa = PBXProject;
			attributes = {
				LastSwiftUpdateCheck = 0920;
				LastUpgradeCheck = 0910;
				ORGANIZATIONNAME = "Kirill Averyanov";
				TargetAttributes = {
					8A88239D1FC8806800BF2FED = {
						CreatedOnToolsVersion = 9.1;
						ProvisioningStyle = Automatic;
						SystemCapabilities = {
							com.apple.Siri = {
								enabled = 0;
							};
						};
					};
					8AB109071FC990D9001D0AA0 = {
						CreatedOnToolsVersion = 9.2;
						ProvisioningStyle = Automatic;
					};
					8AD6B6A91FC9C79E000D55E8 = {
						CreatedOnToolsVersion = 9.2;
						ProvisioningStyle = Automatic;
					};
				};
			};
			buildConfigurationList = 8A8823991FC8806800BF2FED /* Build configuration list for PBXProject "Junction2017-iOS" */;
			compatibilityVersion = "Xcode 8.0";
			developmentRegion = en;
			hasScannedForEncodings = 0;
			knownRegions = (
				en,
				Base,
			);
			mainGroup = 8A8823951FC8806800BF2FED;
			productRefGroup = 8A88239F1FC8806800BF2FED /* Products */;
			projectDirPath = "";
			projectRoot = "";
			targets = (
				8A88239D1FC8806800BF2FED /* Junction2017-iOS */,
				8AB109071FC990D9001D0AA0 /* todayExtension */,
				8AD6B6A91FC9C79E000D55E8 /* intentsExtension */,
			);
		};
/* End PBXProject section */

/* Begin PBXResourcesBuildPhase section */
		8A88239C1FC8806800BF2FED /* Resources */ = {
			isa = PBXResourcesBuildPhase;
			buildActionMask = 2147483647;
			files = (
				8A8823C71FC8A16200BF2FED /* HeaderGoodView.xib in Resources */,
				8AD6B67E1FC997B1000D55E8 /* TodayExtensionGoodTableViewCell.xib in Resources */,
				8A8823AC1FC8806800BF2FED /* LaunchScreen.storyboard in Resources */,
				86B2E6E91FC9A98400355266 /* web3.min.js in Resources */,
				8A8823A91FC8806800BF2FED /* Assets.xcassets in Resources */,
				8AB109011FC983CD001D0AA0 /* TabBarItemView.xib in Resources */,
				86B2E6E81FC9A98400355266 /* web3.html in Resources */,
				8A8823C21FC89C4500BF2FED /* GoodTableViewCell.xib in Resources */,
				8A8823A71FC8806800BF2FED /* Main.storyboard in Resources */,
			);
			runOnlyForDeploymentPostprocessing = 0;
		};
		8AB109061FC990D9001D0AA0 /* Resources */ = {
			isa = PBXResourcesBuildPhase;
			buildActionMask = 2147483647;
			files = (
				8AB109111FC990D9001D0AA0 /* MainInterface.storyboard in Resources */,
			);
			runOnlyForDeploymentPostprocessing = 0;
		};
		8AD6B6A81FC9C79E000D55E8 /* Resources */ = {
			isa = PBXResourcesBuildPhase;
			buildActionMask = 2147483647;
			files = (
			);
			runOnlyForDeploymentPostprocessing = 0;
		};
/* End PBXResourcesBuildPhase section */

/* Begin PBXShellScriptBuildPhase section */
		8A8823B51FC8815C00BF2FED /* Swiftlint */ = {
			isa = PBXShellScriptBuildPhase;
			buildActionMask = 2147483647;
			files = (
			);
			inputPaths = (
			);
			name = Swiftlint;
			outputPaths = (
			);
			runOnlyForDeploymentPostprocessing = 0;
			shellPath = /bin/sh;
			shellScript = "if which swiftlint >/dev/null; then\nswiftlint\nelse\necho \"warning: SwiftLint not installed, download from https://github.com/realm/SwiftLint\"\nfi";
		};
/* End PBXShellScriptBuildPhase section */

/* Begin PBXSourcesBuildPhase section */
		8A88239A1FC8806800BF2FED /* Sources */ = {
			isa = PBXSourcesBuildPhase;
			buildActionMask = 2147483647;
			files = (
				8A8823C51FC8A14D00BF2FED /* HeaderGoodView.swift in Sources */,
				8AB109001FC983CD001D0AA0 /* TabBarItemView.swift in Sources */,
				8A8823A41FC8806800BF2FED /* MainViewController.swift in Sources */,
				8A8823C11FC89C4500BF2FED /* GoodTableViewCell.swift in Sources */,
				8A8823CA1FC8A45D00BF2FED /* UIView+NibLoad.swift in Sources */,
				8AB108F61FC97898001D0AA0 /* String+Substring.swift in Sources */,
				8A566F131FC954EF0010B59A /* ContractViewController.swift in Sources */,
				8AB108F41FC97882001D0AA0 /* UIColor+HexString.swift in Sources */,
				8A8823BB1FC89A8900BF2FED /* GoodEntity.swift in Sources */,
				8AD6B6A51FC9C4BB000D55E8 /* TabBarViewController.swift in Sources */,
				8A8823A21FC8806800BF2FED /* AppDelegate.swift in Sources */,
				8AD6B67D1FC997B1000D55E8 /* TodayExtensionGoodTableViewCell.swift in Sources */,
				8AB108EF1FC9735A001D0AA0 /* UIViewController+BackButton.swift in Sources */,
				8AB108F81FC980FC001D0AA0 /* CustomTabBarController.swift in Sources */,
				8AB108F11FC9736E001D0AA0 /* NavigationViewController.swift in Sources */,
				8A8823B71FC897A900BF2FED /* CameraViewController.swift in Sources */,
				8AB109031FC98479001D0AA0 /* UIImage+Render.swift in Sources */,
			);
			runOnlyForDeploymentPostprocessing = 0;
		};
		8AB109041FC990D9001D0AA0 /* Sources */ = {
			isa = PBXSourcesBuildPhase;
			buildActionMask = 2147483647;
			files = (
				8AD6B67F1FC99920000D55E8 /* TodayExtensionGoodTableViewCell.swift in Sources */,
				8AD6B6801FC99920000D55E8 /* TodayExtensionGoodTableViewCell.xib in Sources */,
				8AD6B6761FC995A6000D55E8 /* UIViewController+BackButton.swift in Sources */,
				8AD6B6771FC995A6000D55E8 /* UIColor+HexString.swift in Sources */,
				8AD6B6781FC995A6000D55E8 /* String+Substring.swift in Sources */,
				8AD6B6791FC995A6000D55E8 /* UIImage+Render.swift in Sources */,
				8AD6B6741FC9959A000D55E8 /* TabBarItemView.swift in Sources */,
				8AD6B6751FC9959A000D55E8 /* TabBarItemView.xib in Sources */,
				8AD6B6731FC99593000D55E8 /* UIView+NibLoad.swift in Sources */,
				8AD6B6721FC99582000D55E8 /* CustomTabBarController.swift in Sources */,
				8AD6B6701FC994E6000D55E8 /* GoodTableViewCell.swift in Sources */,
				8AD6B6711FC994E6000D55E8 /* GoodTableViewCell.xib in Sources */,
				8AD6B66E1FC993E5000D55E8 /* MainViewController.swift in Sources */,
				8AD6B66D1FC993D2000D55E8 /* GoodEntity.swift in Sources */,
				8AB1090E1FC990D9001D0AA0 /* TodayViewController.swift in Sources */,
			);
			runOnlyForDeploymentPostprocessing = 0;
		};
		8AD6B6A61FC9C79E000D55E8 /* Sources */ = {
			isa = PBXSourcesBuildPhase;
			buildActionMask = 2147483647;
			files = (
				8AD6B6AD1FC9C79E000D55E8 /* IntentHandler.swift in Sources */,
			);
			runOnlyForDeploymentPostprocessing = 0;
		};
/* End PBXSourcesBuildPhase section */

/* Begin PBXTargetDependency section */
		8AB109141FC990D9001D0AA0 /* PBXTargetDependency */ = {
			isa = PBXTargetDependency;
			target = 8AB109071FC990D9001D0AA0 /* todayExtension */;
			targetProxy = 8AB109131FC990D9001D0AA0 /* PBXContainerItemProxy */;
		};
		8AD6B6B01FC9C79E000D55E8 /* PBXTargetDependency */ = {
			isa = PBXTargetDependency;
			target = 8AD6B6A91FC9C79E000D55E8 /* intentsExtension */;
			targetProxy = 8AD6B6AF1FC9C79E000D55E8 /* PBXContainerItemProxy */;
		};
/* End PBXTargetDependency section */

/* Begin PBXVariantGroup section */
		8A8823A51FC8806800BF2FED /* Main.storyboard */ = {
			isa = PBXVariantGroup;
			children = (
				8A8823A61FC8806800BF2FED /* Base */,
			);
			name = Main.storyboard;
			sourceTree = "<group>";
		};
		8A8823AA1FC8806800BF2FED /* LaunchScreen.storyboard */ = {
			isa = PBXVariantGroup;
			children = (
				8A8823AB1FC8806800BF2FED /* Base */,
			);
			name = LaunchScreen.storyboard;
			sourceTree = "<group>";
		};
		8AB1090F1FC990D9001D0AA0 /* MainInterface.storyboard */ = {
			isa = PBXVariantGroup;
			children = (
				8AB109101FC990D9001D0AA0 /* Base */,
			);
			name = MainInterface.storyboard;
			sourceTree = "<group>";
		};
/* End PBXVariantGroup section */

/* Begin XCBuildConfiguration section */
		8A8823AE1FC8806800BF2FED /* Debug */ = {
			isa = XCBuildConfiguration;
			buildSettings = {
				ALWAYS_SEARCH_USER_PATHS = NO;
				CLANG_ANALYZER_NONNULL = YES;
				CLANG_ANALYZER_NUMBER_OBJECT_CONVERSION = YES_AGGRESSIVE;
				CLANG_CXX_LANGUAGE_STANDARD = "gnu++14";
				CLANG_CXX_LIBRARY = "libc++";
				CLANG_ENABLE_MODULES = YES;
				CLANG_ENABLE_OBJC_ARC = YES;
				CLANG_WARN_BLOCK_CAPTURE_AUTORELEASING = YES;
				CLANG_WARN_BOOL_CONVERSION = YES;
				CLANG_WARN_COMMA = YES;
				CLANG_WARN_CONSTANT_CONVERSION = YES;
				CLANG_WARN_DIRECT_OBJC_ISA_USAGE = YES_ERROR;
				CLANG_WARN_DOCUMENTATION_COMMENTS = YES;
				CLANG_WARN_EMPTY_BODY = YES;
				CLANG_WARN_ENUM_CONVERSION = YES;
				CLANG_WARN_INFINITE_RECURSION = YES;
				CLANG_WARN_INT_CONVERSION = YES;
				CLANG_WARN_NON_LITERAL_NULL_CONVERSION = YES;
				CLANG_WARN_OBJC_LITERAL_CONVERSION = YES;
				CLANG_WARN_OBJC_ROOT_CLASS = YES_ERROR;
				CLANG_WARN_RANGE_LOOP_ANALYSIS = YES;
				CLANG_WARN_STRICT_PROTOTYPES = YES;
				CLANG_WARN_SUSPICIOUS_MOVE = YES;
				CLANG_WARN_UNGUARDED_AVAILABILITY = YES_AGGRESSIVE;
				CLANG_WARN_UNREACHABLE_CODE = YES;
				CLANG_WARN__DUPLICATE_METHOD_MATCH = YES;
				CODE_SIGN_IDENTITY = "iPhone Developer";
				COPY_PHASE_STRIP = NO;
				DEBUG_INFORMATION_FORMAT = dwarf;
				ENABLE_STRICT_OBJC_MSGSEND = YES;
				ENABLE_TESTABILITY = YES;
				GCC_C_LANGUAGE_STANDARD = gnu11;
				GCC_DYNAMIC_NO_PIC = NO;
				GCC_NO_COMMON_BLOCKS = YES;
				GCC_OPTIMIZATION_LEVEL = 0;
				GCC_PREPROCESSOR_DEFINITIONS = (
					"DEBUG=1",
					"$(inherited)",
				);
				GCC_WARN_64_TO_32_BIT_CONVERSION = YES;
				GCC_WARN_ABOUT_RETURN_TYPE = YES_ERROR;
				GCC_WARN_UNDECLARED_SELECTOR = YES;
				GCC_WARN_UNINITIALIZED_AUTOS = YES_AGGRESSIVE;
				GCC_WARN_UNUSED_FUNCTION = YES;
				GCC_WARN_UNUSED_VARIABLE = YES;
				IPHONEOS_DEPLOYMENT_TARGET = 11.1;
				MTL_ENABLE_DEBUG_INFO = YES;
				ONLY_ACTIVE_ARCH = YES;
				SDKROOT = iphoneos;
				SWIFT_ACTIVE_COMPILATION_CONDITIONS = DEBUG;
				SWIFT_OPTIMIZATION_LEVEL = "-Onone";
			};
			name = Debug;
		};
		8A8823AF1FC8806800BF2FED /* Release */ = {
			isa = XCBuildConfiguration;
			buildSettings = {
				ALWAYS_SEARCH_USER_PATHS = NO;
				CLANG_ANALYZER_NONNULL = YES;
				CLANG_ANALYZER_NUMBER_OBJECT_CONVERSION = YES_AGGRESSIVE;
				CLANG_CXX_LANGUAGE_STANDARD = "gnu++14";
				CLANG_CXX_LIBRARY = "libc++";
				CLANG_ENABLE_MODULES = YES;
				CLANG_ENABLE_OBJC_ARC = YES;
				CLANG_WARN_BLOCK_CAPTURE_AUTORELEASING = YES;
				CLANG_WARN_BOOL_CONVERSION = YES;
				CLANG_WARN_COMMA = YES;
				CLANG_WARN_CONSTANT_CONVERSION = YES;
				CLANG_WARN_DIRECT_OBJC_ISA_USAGE = YES_ERROR;
				CLANG_WARN_DOCUMENTATION_COMMENTS = YES;
				CLANG_WARN_EMPTY_BODY = YES;
				CLANG_WARN_ENUM_CONVERSION = YES;
				CLANG_WARN_INFINITE_RECURSION = YES;
				CLANG_WARN_INT_CONVERSION = YES;
				CLANG_WARN_NON_LITERAL_NULL_CONVERSION = YES;
				CLANG_WARN_OBJC_LITERAL_CONVERSION = YES;
				CLANG_WARN_OBJC_ROOT_CLASS = YES_ERROR;
				CLANG_WARN_RANGE_LOOP_ANALYSIS = YES;
				CLANG_WARN_STRICT_PROTOTYPES = YES;
				CLANG_WARN_SUSPICIOUS_MOVE = YES;
				CLANG_WARN_UNGUARDED_AVAILABILITY = YES_AGGRESSIVE;
				CLANG_WARN_UNREACHABLE_CODE = YES;
				CLANG_WARN__DUPLICATE_METHOD_MATCH = YES;
				CODE_SIGN_IDENTITY = "iPhone Developer";
				COPY_PHASE_STRIP = NO;
				DEBUG_INFORMATION_FORMAT = "dwarf-with-dsym";
				ENABLE_NS_ASSERTIONS = NO;
				ENABLE_STRICT_OBJC_MSGSEND = YES;
				GCC_C_LANGUAGE_STANDARD = gnu11;
				GCC_NO_COMMON_BLOCKS = YES;
				GCC_WARN_64_TO_32_BIT_CONVERSION = YES;
				GCC_WARN_ABOUT_RETURN_TYPE = YES_ERROR;
				GCC_WARN_UNDECLARED_SELECTOR = YES;
				GCC_WARN_UNINITIALIZED_AUTOS = YES_AGGRESSIVE;
				GCC_WARN_UNUSED_FUNCTION = YES;
				GCC_WARN_UNUSED_VARIABLE = YES;
				IPHONEOS_DEPLOYMENT_TARGET = 11.1;
				MTL_ENABLE_DEBUG_INFO = NO;
				SDKROOT = iphoneos;
				SWIFT_OPTIMIZATION_LEVEL = "-Owholemodule";
				VALIDATE_PRODUCT = YES;
			};
			name = Release;
		};
		8A8823B11FC8806800BF2FED /* Debug */ = {
			isa = XCBuildConfiguration;
			buildSettings = {
				ALWAYS_EMBED_SWIFT_STANDARD_LIBRARIES = YES;
				ASSETCATALOG_COMPILER_APPICON_NAME = AppIcon;
				CODE_SIGN_STYLE = Automatic;
				DEVELOPMENT_TEAM = KH2KDZEEE3;
				INFOPLIST_FILE = "$(SRCROOT)/Junction2017-iOS/Config/Info.plist";
				IPHONEOS_DEPLOYMENT_TARGET = 11.0;
				LD_RUNPATH_SEARCH_PATHS = "$(inherited) @executable_path/Frameworks";
				PRODUCT_BUNDLE_IDENTIFIER = "com.kirillzzy.tracktruck-junction";
				PRODUCT_NAME = "$(TARGET_NAME)";
				SWIFT_VERSION = 4.0;
				TARGETED_DEVICE_FAMILY = "1,2";
			};
			name = Debug;
		};
		8A8823B21FC8806800BF2FED /* Release */ = {
			isa = XCBuildConfiguration;
			buildSettings = {
				ALWAYS_EMBED_SWIFT_STANDARD_LIBRARIES = YES;
				ASSETCATALOG_COMPILER_APPICON_NAME = AppIcon;
				CODE_SIGN_STYLE = Automatic;
				DEVELOPMENT_TEAM = KH2KDZEEE3;
				INFOPLIST_FILE = "$(SRCROOT)/Junction2017-iOS/Config/Info.plist";
				IPHONEOS_DEPLOYMENT_TARGET = 11.0;
				LD_RUNPATH_SEARCH_PATHS = "$(inherited) @executable_path/Frameworks";
				PRODUCT_BUNDLE_IDENTIFIER = "com.kirillzzy.tracktruck-junction";
				PRODUCT_NAME = "$(TARGET_NAME)";
				SWIFT_VERSION = 4.0;
				TARGETED_DEVICE_FAMILY = "1,2";
			};
			name = Release;
		};
		8AB109181FC990D9001D0AA0 /* Debug */ = {
			isa = XCBuildConfiguration;
			buildSettings = {
				CODE_SIGN_STYLE = Automatic;
				DEVELOPMENT_TEAM = KH2KDZEEE3;
				INFOPLIST_FILE = todayExtension/Info.plist;
				IPHONEOS_DEPLOYMENT_TARGET = 11.0;
				LD_RUNPATH_SEARCH_PATHS = "$(inherited) @executable_path/Frameworks @executable_path/../../Frameworks";
				PRODUCT_BUNDLE_IDENTIFIER = "com.kirillzzy.tracktruck-junction.todayExtension";
				PRODUCT_NAME = "$(TARGET_NAME)";
				SKIP_INSTALL = YES;
				SWIFT_VERSION = 4.0;
				TARGETED_DEVICE_FAMILY = "1,2";
			};
			name = Debug;
		};
		8AB109191FC990D9001D0AA0 /* Release */ = {
			isa = XCBuildConfiguration;
			buildSettings = {
				CODE_SIGN_STYLE = Automatic;
				DEVELOPMENT_TEAM = KH2KDZEEE3;
				INFOPLIST_FILE = todayExtension/Info.plist;
				IPHONEOS_DEPLOYMENT_TARGET = 11.0;
				LD_RUNPATH_SEARCH_PATHS = "$(inherited) @executable_path/Frameworks @executable_path/../../Frameworks";
				PRODUCT_BUNDLE_IDENTIFIER = "com.kirillzzy.tracktruck-junction.todayExtension";
				PRODUCT_NAME = "$(TARGET_NAME)";
				SKIP_INSTALL = YES;
				SWIFT_VERSION = 4.0;
				TARGETED_DEVICE_FAMILY = "1,2";
			};
			name = Release;
		};
		8AD6B6B31FC9C79E000D55E8 /* Debug */ = {
			isa = XCBuildConfiguration;
			buildSettings = {
				CODE_SIGN_STYLE = Automatic;
				DEVELOPMENT_TEAM = KH2KDZEEE3;
				INFOPLIST_FILE = intentsExtension/Info.plist;
				IPHONEOS_DEPLOYMENT_TARGET = 11.2;
				LD_RUNPATH_SEARCH_PATHS = "$(inherited) @executable_path/Frameworks @executable_path/../../Frameworks";
				PRODUCT_BUNDLE_IDENTIFIER = "com.kirillzzy.tracktruck-junction.intentsExtension";
				PRODUCT_NAME = "$(TARGET_NAME)";
				SKIP_INSTALL = YES;
				SWIFT_VERSION = 4.0;
				TARGETED_DEVICE_FAMILY = "1,2";
			};
			name = Debug;
		};
		8AD6B6B41FC9C79E000D55E8 /* Release */ = {
			isa = XCBuildConfiguration;
			buildSettings = {
				CODE_SIGN_STYLE = Automatic;
				DEVELOPMENT_TEAM = KH2KDZEEE3;
				INFOPLIST_FILE = intentsExtension/Info.plist;
				IPHONEOS_DEPLOYMENT_TARGET = 11.2;
				LD_RUNPATH_SEARCH_PATHS = "$(inherited) @executable_path/Frameworks @executable_path/../../Frameworks";
				PRODUCT_BUNDLE_IDENTIFIER = "com.kirillzzy.tracktruck-junction.intentsExtension";
				PRODUCT_NAME = "$(TARGET_NAME)";
				SKIP_INSTALL = YES;
				SWIFT_VERSION = 4.0;
				TARGETED_DEVICE_FAMILY = "1,2";
			};
			name = Release;
		};
/* End XCBuildConfiguration section */

/* Begin XCConfigurationList section */
		8A8823991FC8806800BF2FED /* Build configuration list for PBXProject "Junction2017-iOS" */ = {
			isa = XCConfigurationList;
			buildConfigurations = (
				8A8823AE1FC8806800BF2FED /* Debug */,
				8A8823AF1FC8806800BF2FED /* Release */,
			);
			defaultConfigurationIsVisible = 0;
			defaultConfigurationName = Release;
		};
		8A8823B01FC8806800BF2FED /* Build configuration list for PBXNativeTarget "Junction2017-iOS" */ = {
			isa = XCConfigurationList;
			buildConfigurations = (
				8A8823B11FC8806800BF2FED /* Debug */,
				8A8823B21FC8806800BF2FED /* Release */,
			);
			defaultConfigurationIsVisible = 0;
			defaultConfigurationName = Release;
		};
		8AB109171FC990D9001D0AA0 /* Build configuration list for PBXNativeTarget "todayExtension" */ = {
			isa = XCConfigurationList;
			buildConfigurations = (
				8AB109181FC990D9001D0AA0 /* Debug */,
				8AB109191FC990D9001D0AA0 /* Release */,
			);
			defaultConfigurationIsVisible = 0;
			defaultConfigurationName = Release;
		};
		8AD6B6B21FC9C79E000D55E8 /* Build configuration list for PBXNativeTarget "intentsExtension" */ = {
			isa = XCConfigurationList;
			buildConfigurations = (
				8AD6B6B31FC9C79E000D55E8 /* Debug */,
				8AD6B6B41FC9C79E000D55E8 /* Release */,
			);
			defaultConfigurationIsVisible = 0;
			defaultConfigurationName = Release;
		};
/* End XCConfigurationList section */
	};
	rootObject = 8A8823961FC8806800BF2FED /* Project object */;
}
